
Microsoft Visual Studio Solution File, Format Version 12.00
# Visual Studio Version 17
VisualStudioVersion = 17.7.34202.233
MinimumVisualStudioVersion = 10.0.40219.1
Project("{FAE04EC0-301F-11D3-BF4B-00C04F79EFBC}") = "IShop", "IShop\IShop.csproj", "{8C6EAF62-921E-44CE-82F6-697CDAAD2F68}"
EndProject
Project("{FAE04EC0-301F-11D3-BF4B-00C04F79EFBC}") = "IShop.BusinessLogic", "..\IShop-bussiness-logic\IShop.BusinessLogic\IShop.BusinessLogic.csproj", "{B75F8A2A-C086-4497-A589-12B3723028B3}"
EndProject
Project("{FAE04EC0-301F-11D3-BF4B-00C04F79EFBC}") = "IShop.Domain", "..\IShop-bussiness-logic\IShop.Domain\IShop.Domain.csproj", "{F2DA102C-96F6-409A-B327-B67ED188BAD8}"
EndProject
Global
	GlobalSection(SolutionConfigurationPlatforms) = preSolution
		Debug|Any CPU = Debug|Any CPU
		Release|Any CPU = Release|Any CPU
	EndGlobalSection
	GlobalSection(ProjectConfigurationPlatforms) = postSolution
		{8C6EAF62-921E-44CE-82F6-697CDAAD2F68}.Debug|Any CPU.ActiveCfg = Debug|Any CPU
		{8C6EAF62-921E-44CE-82F6-697CDAAD2F68}.Debug|Any CPU.Build.0 = Debug|Any CPU
		{8C6EAF62-921E-44CE-82F6-697CDAAD2F68}.Release|Any CPU.ActiveCfg = Release|Any CPU
		{8C6EAF62-921E-44CE-82F6-697CDAAD2F68}.Release|Any CPU.Build.0 = Release|Any CPU
		{B75F8A2A-C086-4497-A589-12B3723028B3}.Debug|Any CPU.ActiveCfg = Debug|Any CPU
		{B75F8A2A-C086-4497-A589-12B3723028B3}.Debug|Any CPU.Build.0 = Debug|Any CPU
		{B75F8A2A-C086-4497-A589-12B3723028B3}.Release|Any CPU.ActiveCfg = Release|Any CPU
		{B75F8A2A-C086-4497-A589-12B3723028B3}.Release|Any CPU.Build.0 = Release|Any CPU
		{F2DA102C-96F6-409A-B327-B67ED188BAD8}.Debug|Any CPU.ActiveCfg = Debug|Any CPU
		{F2DA102C-96F6-409A-B327-B67ED188BAD8}.Debug|Any CPU.Build.0 = Debug|Any CPU
		{F2DA102C-96F6-409A-B327-B67ED188BAD8}.Release|Any CPU.ActiveCfg = Release|Any CPU
		{F2DA102C-96F6-409A-B327-B67ED188BAD8}.Release|Any CPU.Build.0 = Release|Any CPU
	EndGlobalSection
	GlobalSection(SolutionProperties) = preSolution
		HideSolutionNode = FALSE
	EndGlobalSection
	GlobalSection(ExtensibilityGlobals) = postSolution
		SolutionGuid = {B232CE65-9801-42DD-92AE-6C88C7A9CD3E}
	EndGlobalSection
EndGlobal
